
Microsoft Visual Studio Solution File, Format Version 12.00
# Visual Studio Version 16
VisualStudioVersion = 16.0.32002.261
MinimumVisualStudioVersion = 10.0.40219.1
Project("{FAE04EC0-301F-11D3-BF4B-00C04F79EFBC}") = "SalesWebMVC", "SalesWebMVC\SalesWebMVC.csproj", "{7D5302C1-9D8D-4E47-A773-F6BC6698AC8E}"
EndProject
Global
	GlobalSection(SolutionConfigurationPlatforms) = preSolution
		Debug|Any CPU = Debug|Any CPU
		Release|Any CPU = Release|Any CPU
	EndGlobalSection
	GlobalSection(ProjectConfigurationPlatforms) = postSolution
		{7D5302C1-9D8D-4E47-A773-F6BC6698AC8E}.Debug|Any CPU.ActiveCfg = Debug|Any CPU
		{7D5302C1-9D8D-4E47-A773-F6BC6698AC8E}.Debug|Any CPU.Build.0 = Debug|Any CPU
		{7D5302C1-9D8D-4E47-A773-F6BC6698AC8E}.Release|Any CPU.ActiveCfg = Release|Any CPU
		{7D5302C1-9D8D-4E47-A773-F6BC6698AC8E}.Release|Any CPU.Build.0 = Release|Any CPU
	EndGlobalSection
	GlobalSection(SolutionProperties) = preSolution
		HideSolutionNode = FALSE
	EndGlobalSection
	GlobalSection(ExtensibilityGlobals) = postSolution
		SolutionGuid = {EC3D69F9-43B3-432A-B4F4-38D62A32566C}
	EndGlobalSection
EndGlobal
